{
  "pins" : [
    {
      "identity" : "libpng.swift",
      "kind" : "remoteSourceControl",
      "location" : "https://github.com/awxkee/libpng.swift.git",
      "state" : {
        "branch" : "master",
        "revision" : "ac116d07b7f040be1441b016be6f70907b0010c2"
      }
    },
    {
      "identity" : "mozjpeg.swift",
      "kind" : "remoteSourceControl",
      "location" : "https://github.com/awxkee/mozjpeg.swift.git",
      "state" : {
        "branch" : "master",
        "revision" : "ffef61176ce7bd19e272d18c1ed7a124e451e9c9"
      }
    }
  ],
  "version" : 2
}
