{
  "pins" : [
    {
      "identity" : "libpng.swift",
      "kind" : "remoteSourceControl",
      "location" : "https://github.com/awxkee/libpng.swift.git",
      "state" : {
        "revision" : "363a4944c9a0bc178f16837dcf1904b418df83ef",
        "version" : "1.0.1"
      }
    },
    {
      "identity" : "mozjpeg.swift",
      "kind" : "remoteSourceControl",
      "location" : "https://github.com/awxkee/mozjpeg.swift.git",
      "state" : {
        "revision" : "584408c6537843e484ee6fc4aa161b40cb638f59",
        "version" : "1.0.1"
      }
    }
  ],
  "version" : 2
}
